
Microsoft Visual Studio Solution File, Format Version 12.00
# Visual Studio Version 16
VisualStudioVersion = 16.0.29411.108
MinimumVisualStudioVersion = 10.0.40219.1
Project("{FAE04EC0-301F-11D3-BF4B-00C04F79EFBC}") = "CommonTools", "CommonTools\CommonTools.csproj", "{275A3E0A-1400-436D-AD2D-9E28F40206AB}"
EndProject
Project("{FAE04EC0-301F-11D3-BF4B-00C04F79EFBC}") = "LogReader", "LogReader\LogReader.csproj", "{43418398-67AC-4A59-8F8B-36FDEDF1A4FB}"
EndProject
Project("{FAE04EC0-301F-11D3-BF4B-00C04F79EFBC}") = "TestApp", "TestApp\TestApp.csproj", "{7D4DA6AB-4379-49F9-AD2A-1BB58800DCDE}"
EndProject
Project("{FAE04EC0-301F-11D3-BF4B-00C04F79EFBC}") = "CommonToolsUwp", "CommonToolsUwp\CommonToolsUwp.csproj", "{8C440853-716B-4B72-B63E-3D207290D928}"
EndProject
Global
	GlobalSection(SolutionConfigurationPlatforms) = preSolution
		Debug|Any CPU = Debug|Any CPU
		Debug|ARM = Debug|ARM
		Debug|ARM64 = Debug|ARM64
		Debug|x64 = Debug|x64
		Debug|x86 = Debug|x86
		Release|Any CPU = Release|Any CPU
		Release|ARM = Release|ARM
		Release|ARM64 = Release|ARM64
		Release|x64 = Release|x64
		Release|x86 = Release|x86
		Signed|Any CPU = Signed|Any CPU
		Signed|ARM = Signed|ARM
		Signed|ARM64 = Signed|ARM64
		Signed|x64 = Signed|x64
		Signed|x86 = Signed|x86
	EndGlobalSection
	GlobalSection(ProjectConfigurationPlatforms) = postSolution
		{275A3E0A-1400-436D-AD2D-9E28F40206AB}.Debug|Any CPU.ActiveCfg = Debug|Any CPU
		{275A3E0A-1400-436D-AD2D-9E28F40206AB}.Debug|Any CPU.Build.0 = Debug|Any CPU
		{275A3E0A-1400-436D-AD2D-9E28F40206AB}.Debug|ARM.ActiveCfg = Debug|Any CPU
		{275A3E0A-1400-436D-AD2D-9E28F40206AB}.Debug|ARM.Build.0 = Debug|Any CPU
		{275A3E0A-1400-436D-AD2D-9E28F40206AB}.Debug|ARM64.ActiveCfg = Debug|Any CPU
		{275A3E0A-1400-436D-AD2D-9E28F40206AB}.Debug|ARM64.Build.0 = Debug|Any CPU
		{275A3E0A-1400-436D-AD2D-9E28F40206AB}.Debug|x64.ActiveCfg = Debug|Any CPU
		{275A3E0A-1400-436D-AD2D-9E28F40206AB}.Debug|x64.Build.0 = Debug|Any CPU
		{275A3E0A-1400-436D-AD2D-9E28F40206AB}.Debug|x86.ActiveCfg = Debug|Any CPU
		{275A3E0A-1400-436D-AD2D-9E28F40206AB}.Debug|x86.Build.0 = Debug|Any CPU
		{275A3E0A-1400-436D-AD2D-9E28F40206AB}.Release|Any CPU.ActiveCfg = Release|Any CPU
		{275A3E0A-1400-436D-AD2D-9E28F40206AB}.Release|Any CPU.Build.0 = Release|Any CPU
		{275A3E0A-1400-436D-AD2D-9E28F40206AB}.Release|ARM.ActiveCfg = Release|Any CPU
		{275A3E0A-1400-436D-AD2D-9E28F40206AB}.Release|ARM.Build.0 = Release|Any CPU
		{275A3E0A-1400-436D-AD2D-9E28F40206AB}.Release|ARM64.ActiveCfg = Release|Any CPU
		{275A3E0A-1400-436D-AD2D-9E28F40206AB}.Release|ARM64.Build.0 = Release|Any CPU
		{275A3E0A-1400-436D-AD2D-9E28F40206AB}.Release|x64.ActiveCfg = Release|Any CPU
		{275A3E0A-1400-436D-AD2D-9E28F40206AB}.Release|x64.Build.0 = Release|Any CPU
		{275A3E0A-1400-436D-AD2D-9E28F40206AB}.Release|x86.ActiveCfg = Release|Any CPU
		{275A3E0A-1400-436D-AD2D-9E28F40206AB}.Release|x86.Build.0 = Release|Any CPU
		{275A3E0A-1400-436D-AD2D-9E28F40206AB}.Signed|Any CPU.ActiveCfg = Signed|Any CPU
		{275A3E0A-1400-436D-AD2D-9E28F40206AB}.Signed|Any CPU.Build.0 = Signed|Any CPU
		{275A3E0A-1400-436D-AD2D-9E28F40206AB}.Signed|ARM.ActiveCfg = Signed|Any CPU
		{275A3E0A-1400-436D-AD2D-9E28F40206AB}.Signed|ARM.Build.0 = Signed|Any CPU
		{275A3E0A-1400-436D-AD2D-9E28F40206AB}.Signed|ARM64.ActiveCfg = Signed|Any CPU
		{275A3E0A-1400-436D-AD2D-9E28F40206AB}.Signed|ARM64.Build.0 = Signed|Any CPU
		{275A3E0A-1400-436D-AD2D-9E28F40206AB}.Signed|x64.ActiveCfg = Signed|Any CPU
		{275A3E0A-1400-436D-AD2D-9E28F40206AB}.Signed|x64.Build.0 = Signed|Any CPU
		{275A3E0A-1400-436D-AD2D-9E28F40206AB}.Signed|x86.ActiveCfg = Signed|Any CPU
		{275A3E0A-1400-436D-AD2D-9E28F40206AB}.Signed|x86.Build.0 = Signed|Any CPU
		{43418398-67AC-4A59-8F8B-36FDEDF1A4FB}.Debug|Any CPU.ActiveCfg = Debug|Any CPU
		{43418398-67AC-4A59-8F8B-36FDEDF1A4FB}.Debug|Any CPU.Build.0 = Debug|Any CPU
		{43418398-67AC-4A59-8F8B-36FDEDF1A4FB}.Debug|ARM.ActiveCfg = Debug|Any CPU
		{43418398-67AC-4A59-8F8B-36FDEDF1A4FB}.Debug|ARM.Build.0 = Debug|Any CPU
		{43418398-67AC-4A59-8F8B-36FDEDF1A4FB}.Debug|ARM64.ActiveCfg = Debug|Any CPU
		{43418398-67AC-4A59-8F8B-36FDEDF1A4FB}.Debug|ARM64.Build.0 = Debug|Any CPU
		{43418398-67AC-4A59-8F8B-36FDEDF1A4FB}.Debug|x64.ActiveCfg = Debug|Any CPU
		{43418398-67AC-4A59-8F8B-36FDEDF1A4FB}.Debug|x64.Build.0 = Debug|Any CPU
		{43418398-67AC-4A59-8F8B-36FDEDF1A4FB}.Debug|x86.ActiveCfg = Debug|Any CPU
		{43418398-67AC-4A59-8F8B-36FDEDF1A4FB}.Debug|x86.Build.0 = Debug|Any CPU
		{43418398-67AC-4A59-8F8B-36FDEDF1A4FB}.Release|Any CPU.ActiveCfg = Release|Any CPU
		{43418398-67AC-4A59-8F8B-36FDEDF1A4FB}.Release|Any CPU.Build.0 = Release|Any CPU
		{43418398-67AC-4A59-8F8B-36FDEDF1A4FB}.Release|ARM.ActiveCfg = Release|Any CPU
		{43418398-67AC-4A59-8F8B-36FDEDF1A4FB}.Release|ARM.Build.0 = Release|Any CPU
		{43418398-67AC-4A59-8F8B-36FDEDF1A4FB}.Release|ARM64.ActiveCfg = Release|Any CPU
		{43418398-67AC-4A59-8F8B-36FDEDF1A4FB}.Release|ARM64.Build.0 = Release|Any CPU
		{43418398-67AC-4A59-8F8B-36FDEDF1A4FB}.Release|x64.ActiveCfg = Release|Any CPU
		{43418398-67AC-4A59-8F8B-36FDEDF1A4FB}.Release|x64.Build.0 = Release|Any CPU
		{43418398-67AC-4A59-8F8B-36FDEDF1A4FB}.Release|x86.ActiveCfg = Release|Any CPU
		{43418398-67AC-4A59-8F8B-36FDEDF1A4FB}.Release|x86.Build.0 = Release|Any CPU
		{43418398-67AC-4A59-8F8B-36FDEDF1A4FB}.Signed|Any CPU.ActiveCfg = Signed|Any CPU
		{43418398-67AC-4A59-8F8B-36FDEDF1A4FB}.Signed|Any CPU.Build.0 = Signed|Any CPU
		{43418398-67AC-4A59-8F8B-36FDEDF1A4FB}.Signed|ARM.ActiveCfg = Signed|Any CPU
		{43418398-67AC-4A59-8F8B-36FDEDF1A4FB}.Signed|ARM.Build.0 = Signed|Any CPU
		{43418398-67AC-4A59-8F8B-36FDEDF1A4FB}.Signed|ARM64.ActiveCfg = Signed|Any CPU
		{43418398-67AC-4A59-8F8B-36FDEDF1A4FB}.Signed|ARM64.Build.0 = Signed|Any CPU
		{43418398-67AC-4A59-8F8B-36FDEDF1A4FB}.Signed|x64.ActiveCfg = Signed|Any CPU
		{43418398-67AC-4A59-8F8B-36FDEDF1A4FB}.Signed|x64.Build.0 = Signed|Any CPU
		{43418398-67AC-4A59-8F8B-36FDEDF1A4FB}.Signed|x86.ActiveCfg = Signed|Any CPU
		{43418398-67AC-4A59-8F8B-36FDEDF1A4FB}.Signed|x86.Build.0 = Signed|Any CPU
		{7D4DA6AB-4379-49F9-AD2A-1BB58800DCDE}.Debug|Any CPU.ActiveCfg = Debug|Any CPU
		{7D4DA6AB-4379-49F9-AD2A-1BB58800DCDE}.Debug|Any CPU.Build.0 = Debug|Any CPU
		{7D4DA6AB-4379-49F9-AD2A-1BB58800DCDE}.Debug|ARM.ActiveCfg = Debug|Any CPU
		{7D4DA6AB-4379-49F9-AD2A-1BB58800DCDE}.Debug|ARM.Build.0 = Debug|Any CPU
		{7D4DA6AB-4379-49F9-AD2A-1BB58800DCDE}.Debug|ARM64.ActiveCfg = Debug|Any CPU
		{7D4DA6AB-4379-49F9-AD2A-1BB58800DCDE}.Debug|ARM64.Build.0 = Debug|Any CPU
		{7D4DA6AB-4379-49F9-AD2A-1BB58800DCDE}.Debug|x64.ActiveCfg = Debug|Any CPU
		{7D4DA6AB-4379-49F9-AD2A-1BB58800DCDE}.Debug|x64.Build.0 = Debug|Any CPU
		{7D4DA6AB-4379-49F9-AD2A-1BB58800DCDE}.Debug|x86.ActiveCfg = Debug|Any CPU
		{7D4DA6AB-4379-49F9-AD2A-1BB58800DCDE}.Debug|x86.Build.0 = Debug|Any CPU
		{7D4DA6AB-4379-49F9-AD2A-1BB58800DCDE}.Release|Any CPU.ActiveCfg = Release|Any CPU
		{7D4DA6AB-4379-49F9-AD2A-1BB58800DCDE}.Release|Any CPU.Build.0 = Release|Any CPU
		{7D4DA6AB-4379-49F9-AD2A-1BB58800DCDE}.Release|ARM.ActiveCfg = Release|Any CPU
		{7D4DA6AB-4379-49F9-AD2A-1BB58800DCDE}.Release|ARM.Build.0 = Release|Any CPU
		{7D4DA6AB-4379-49F9-AD2A-1BB58800DCDE}.Release|ARM64.ActiveCfg = Release|Any CPU
		{7D4DA6AB-4379-49F9-AD2A-1BB58800DCDE}.Release|ARM64.Build.0 = Release|Any CPU
		{7D4DA6AB-4379-49F9-AD2A-1BB58800DCDE}.Release|x64.ActiveCfg = Release|Any CPU
		{7D4DA6AB-4379-49F9-AD2A-1BB58800DCDE}.Release|x64.Build.0 = Release|Any CPU
		{7D4DA6AB-4379-49F9-AD2A-1BB58800DCDE}.Release|x86.ActiveCfg = Release|Any CPU
		{7D4DA6AB-4379-49F9-AD2A-1BB58800DCDE}.Release|x86.Build.0 = Release|Any CPU
		{7D4DA6AB-4379-49F9-AD2A-1BB58800DCDE}.Signed|Any CPU.ActiveCfg = Signed|Any CPU
		{7D4DA6AB-4379-49F9-AD2A-1BB58800DCDE}.Signed|Any CPU.Build.0 = Signed|Any CPU
		{7D4DA6AB-4379-49F9-AD2A-1BB58800DCDE}.Signed|ARM.ActiveCfg = Signed|Any CPU
		{7D4DA6AB-4379-49F9-AD2A-1BB58800DCDE}.Signed|ARM.Build.0 = Signed|Any CPU
		{7D4DA6AB-4379-49F9-AD2A-1BB58800DCDE}.Signed|ARM64.ActiveCfg = Signed|Any CPU
		{7D4DA6AB-4379-49F9-AD2A-1BB58800DCDE}.Signed|ARM64.Build.0 = Signed|Any CPU
		{7D4DA6AB-4379-49F9-AD2A-1BB58800DCDE}.Signed|x64.ActiveCfg = Signed|Any CPU
		{7D4DA6AB-4379-49F9-AD2A-1BB58800DCDE}.Signed|x64.Build.0 = Signed|Any CPU
		{7D4DA6AB-4379-49F9-AD2A-1BB58800DCDE}.Signed|x86.ActiveCfg = Signed|Any CPU
		{7D4DA6AB-4379-49F9-AD2A-1BB58800DCDE}.Signed|x86.Build.0 = Signed|Any CPU
		{8C440853-716B-4B72-B63E-3D207290D928}.Debug|Any CPU.ActiveCfg = Debug|Any CPU
		{8C440853-716B-4B72-B63E-3D207290D928}.Debug|Any CPU.Build.0 = Debug|Any CPU
		{8C440853-716B-4B72-B63E-3D207290D928}.Debug|ARM.ActiveCfg = Debug|ARM
		{8C440853-716B-4B72-B63E-3D207290D928}.Debug|ARM.Build.0 = Debug|ARM
		{8C440853-716B-4B72-B63E-3D207290D928}.Debug|ARM64.ActiveCfg = Debug|ARM64
		{8C440853-716B-4B72-B63E-3D207290D928}.Debug|ARM64.Build.0 = Debug|ARM64
		{8C440853-716B-4B72-B63E-3D207290D928}.Debug|x64.ActiveCfg = Debug|x64
		{8C440853-716B-4B72-B63E-3D207290D928}.Debug|x64.Build.0 = Debug|x64
		{8C440853-716B-4B72-B63E-3D207290D928}.Debug|x86.ActiveCfg = Debug|x86
		{8C440853-716B-4B72-B63E-3D207290D928}.Debug|x86.Build.0 = Debug|x86
		{8C440853-716B-4B72-B63E-3D207290D928}.Release|Any CPU.ActiveCfg = Release|Any CPU
		{8C440853-716B-4B72-B63E-3D207290D928}.Release|Any CPU.Build.0 = Release|Any CPU
		{8C440853-716B-4B72-B63E-3D207290D928}.Release|ARM.ActiveCfg = Release|ARM
		{8C440853-716B-4B72-B63E-3D207290D928}.Release|ARM.Build.0 = Release|ARM
		{8C440853-716B-4B72-B63E-3D207290D928}.Release|ARM64.ActiveCfg = Release|ARM64
		{8C440853-716B-4B72-B63E-3D207290D928}.Release|ARM64.Build.0 = Release|ARM64
		{8C440853-716B-4B72-B63E-3D207290D928}.Release|x64.ActiveCfg = Release|x64
		{8C440853-716B-4B72-B63E-3D207290D928}.Release|x64.Build.0 = Release|x64
		{8C440853-716B-4B72-B63E-3D207290D928}.Release|x86.ActiveCfg = Release|x86
		{8C440853-716B-4B72-B63E-3D207290D928}.Release|x86.Build.0 = Release|x86
		{8C440853-716B-4B72-B63E-3D207290D928}.Signed|Any CPU.ActiveCfg = Release|Any CPU
		{8C440853-716B-4B72-B63E-3D207290D928}.Signed|Any CPU.Build.0 = Release|Any CPU
		{8C440853-716B-4B72-B63E-3D207290D928}.Signed|ARM.ActiveCfg = Release|ARM
		{8C440853-716B-4B72-B63E-3D207290D928}.Signed|ARM.Build.0 = Release|ARM
		{8C440853-716B-4B72-B63E-3D207290D928}.Signed|ARM64.ActiveCfg = Release|ARM64
		{8C440853-716B-4B72-B63E-3D207290D928}.Signed|ARM64.Build.0 = Release|ARM64
		{8C440853-716B-4B72-B63E-3D207290D928}.Signed|x64.ActiveCfg = Release|x64
		{8C440853-716B-4B72-B63E-3D207290D928}.Signed|x64.Build.0 = Release|x64
		{8C440853-716B-4B72-B63E-3D207290D928}.Signed|x86.ActiveCfg = Release|x86
		{8C440853-716B-4B72-B63E-3D207290D928}.Signed|x86.Build.0 = Release|x86
	EndGlobalSection
	GlobalSection(SolutionProperties) = preSolution
		HideSolutionNode = FALSE
	EndGlobalSection
	GlobalSection(ExtensibilityGlobals) = postSolution
		SolutionGuid = {B719D15A-FA2D-4D20-ACBF-7DFEBFE66C0C}
	EndGlobalSection
EndGlobal
