
Microsoft Visual Studio Solution File, Format Version 12.00
# Visual Studio Version 16
VisualStudioVersion = 16.0.29411.108
MinimumVisualStudioVersion = 10.0.40219.1
Project("{FAE04EC0-301F-11D3-BF4B-00C04F79EFBC}") = "CommonTools", "CommonTools\CommonTools.csproj", "{275A3E0A-1400-436D-AD2D-9E28F40206AB}"
	ProjectSection(ProjectDependencies) = postProject
		{43418398-67AC-4A59-8F8B-36FDEDF1A4FB} = {43418398-67AC-4A59-8F8B-36FDEDF1A4FB}
	EndProjectSection
EndProject
Project("{FAE04EC0-301F-11D3-BF4B-00C04F79EFBC}") = "LogReader", "LogReader\LogReader.csproj", "{43418398-67AC-4A59-8F8B-36FDEDF1A4FB}"
EndProject
Project("{FAE04EC0-301F-11D3-BF4B-00C04F79EFBC}") = "TestApp", "TestApp\TestApp.csproj", "{7D4DA6AB-4379-49F9-AD2A-1BB58800DCDE}"
EndProject
Project("{FAE04EC0-301F-11D3-BF4B-00C04F79EFBC}") = "CommonToolsUwp", "CommonToolsUwp\CommonToolsUwp.csproj", "{8C440853-716B-4B72-B63E-3D207290D928}"
EndProject
Project("{FAE04EC0-301F-11D3-BF4B-00C04F79EFBC}") = "TestAppUwp", "TestAppUwp\TestAppUwp.csproj", "{42F21FB4-0142-4091-AEAB-ED15C079CCE5}"
EndProject
Global
	GlobalSection(SolutionConfigurationPlatforms) = preSolution
		Debug|Any CPU = Debug|Any CPU
		Release|Any CPU = Release|Any CPU
		Signed|Any CPU = Signed|Any CPU
	EndGlobalSection
	GlobalSection(ProjectConfigurationPlatforms) = postSolution
		{275A3E0A-1400-436D-AD2D-9E28F40206AB}.Debug|Any CPU.ActiveCfg = Debug|Any CPU
		{275A3E0A-1400-436D-AD2D-9E28F40206AB}.Debug|Any CPU.Build.0 = Debug|Any CPU
		{275A3E0A-1400-436D-AD2D-9E28F40206AB}.Release|Any CPU.ActiveCfg = Release|Any CPU
		{275A3E0A-1400-436D-AD2D-9E28F40206AB}.Release|Any CPU.Build.0 = Release|Any CPU
		{275A3E0A-1400-436D-AD2D-9E28F40206AB}.Signed|Any CPU.ActiveCfg = Signed|Any CPU
		{275A3E0A-1400-436D-AD2D-9E28F40206AB}.Signed|Any CPU.Build.0 = Signed|Any CPU
		{43418398-67AC-4A59-8F8B-36FDEDF1A4FB}.Debug|Any CPU.ActiveCfg = Debug|Any CPU
		{43418398-67AC-4A59-8F8B-36FDEDF1A4FB}.Debug|Any CPU.Build.0 = Debug|Any CPU
		{43418398-67AC-4A59-8F8B-36FDEDF1A4FB}.Release|Any CPU.ActiveCfg = Release|Any CPU
		{43418398-67AC-4A59-8F8B-36FDEDF1A4FB}.Release|Any CPU.Build.0 = Release|Any CPU
		{43418398-67AC-4A59-8F8B-36FDEDF1A4FB}.Signed|Any CPU.ActiveCfg = Signed|Any CPU
		{43418398-67AC-4A59-8F8B-36FDEDF1A4FB}.Signed|Any CPU.Build.0 = Signed|Any CPU
		{7D4DA6AB-4379-49F9-AD2A-1BB58800DCDE}.Debug|Any CPU.ActiveCfg = Debug|Any CPU
		{7D4DA6AB-4379-49F9-AD2A-1BB58800DCDE}.Debug|Any CPU.Build.0 = Debug|Any CPU
		{7D4DA6AB-4379-49F9-AD2A-1BB58800DCDE}.Release|Any CPU.ActiveCfg = Release|Any CPU
		{7D4DA6AB-4379-49F9-AD2A-1BB58800DCDE}.Release|Any CPU.Build.0 = Release|Any CPU
		{7D4DA6AB-4379-49F9-AD2A-1BB58800DCDE}.Signed|Any CPU.ActiveCfg = Signed|Any CPU
		{7D4DA6AB-4379-49F9-AD2A-1BB58800DCDE}.Signed|Any CPU.Build.0 = Signed|Any CPU
		{8C440853-716B-4B72-B63E-3D207290D928}.Debug|Any CPU.ActiveCfg = Debug|Any CPU
		{8C440853-716B-4B72-B63E-3D207290D928}.Debug|Any CPU.Build.0 = Debug|Any CPU
		{8C440853-716B-4B72-B63E-3D207290D928}.Release|Any CPU.ActiveCfg = Release|Any CPU
		{8C440853-716B-4B72-B63E-3D207290D928}.Release|Any CPU.Build.0 = Release|Any CPU
		{8C440853-716B-4B72-B63E-3D207290D928}.Signed|Any CPU.ActiveCfg = Release|Any CPU
		{8C440853-716B-4B72-B63E-3D207290D928}.Signed|Any CPU.Build.0 = Release|Any CPU
		{42F21FB4-0142-4091-AEAB-ED15C079CCE5}.Debug|Any CPU.ActiveCfg = Debug|x86
		{42F21FB4-0142-4091-AEAB-ED15C079CCE5}.Debug|Any CPU.Build.0 = Debug|x86
		{42F21FB4-0142-4091-AEAB-ED15C079CCE5}.Debug|Any CPU.Deploy.0 = Debug|x86
		{42F21FB4-0142-4091-AEAB-ED15C079CCE5}.Release|Any CPU.ActiveCfg = Release|x86
		{42F21FB4-0142-4091-AEAB-ED15C079CCE5}.Signed|Any CPU.ActiveCfg = Release|x64
		{42F21FB4-0142-4091-AEAB-ED15C079CCE5}.Signed|Any CPU.Build.0 = Release|x64
		{42F21FB4-0142-4091-AEAB-ED15C079CCE5}.Signed|Any CPU.Deploy.0 = Release|x64
	EndGlobalSection
	GlobalSection(SolutionProperties) = preSolution
		HideSolutionNode = FALSE
	EndGlobalSection
	GlobalSection(ExtensibilityGlobals) = postSolution
		SolutionGuid = {B719D15A-FA2D-4D20-ACBF-7DFEBFE66C0C}
	EndGlobalSection
EndGlobal
